
Microsoft Visual Studio Solution File, Format Version 12.00
# Visual Studio Version 17
VisualStudioVersion = 17.8.34309.116
MinimumVisualStudioVersion = 10.0.40219.1
Project("{FAE04EC0-301F-11D3-BF4B-00C04F79EFBC}") = "1_DAL", "1_DAL\1_DAL.csproj", "{24D0D1B4-8852-4B65-BED5-2D8252FACD4A}"
EndProject
Project("{FAE04EC0-301F-11D3-BF4B-00C04F79EFBC}") = "2_BUS", "2_BUS\2_BUS.csproj", "{6AD4A4F6-7659-4642-94DB-9A9C7529F0D7}"
EndProject
Project("{FAE04EC0-301F-11D3-BF4B-00C04F79EFBC}") = "3_PL", "3_PL\3_PL.csproj", "{91690DB7-6C56-4661-9F60-C232451D4018}"
EndProject
Global
	GlobalSection(SolutionConfigurationPlatforms) = preSolution
		Debug|Any CPU = Debug|Any CPU
		Release|Any CPU = Release|Any CPU
	EndGlobalSection
	GlobalSection(ProjectConfigurationPlatforms) = postSolution
		{24D0D1B4-8852-4B65-BED5-2D8252FACD4A}.Debug|Any CPU.ActiveCfg = Debug|Any CPU
		{24D0D1B4-8852-4B65-BED5-2D8252FACD4A}.Debug|Any CPU.Build.0 = Debug|Any CPU
		{24D0D1B4-8852-4B65-BED5-2D8252FACD4A}.Release|Any CPU.ActiveCfg = Release|Any CPU
		{24D0D1B4-8852-4B65-BED5-2D8252FACD4A}.Release|Any CPU.Build.0 = Release|Any CPU
		{6AD4A4F6-7659-4642-94DB-9A9C7529F0D7}.Debug|Any CPU.ActiveCfg = Debug|Any CPU
		{6AD4A4F6-7659-4642-94DB-9A9C7529F0D7}.Debug|Any CPU.Build.0 = Debug|Any CPU
		{6AD4A4F6-7659-4642-94DB-9A9C7529F0D7}.Release|Any CPU.ActiveCfg = Release|Any CPU
		{6AD4A4F6-7659-4642-94DB-9A9C7529F0D7}.Release|Any CPU.Build.0 = Release|Any CPU
		{91690DB7-6C56-4661-9F60-C232451D4018}.Debug|Any CPU.ActiveCfg = Debug|Any CPU
		{91690DB7-6C56-4661-9F60-C232451D4018}.Debug|Any CPU.Build.0 = Debug|Any CPU
		{91690DB7-6C56-4661-9F60-C232451D4018}.Release|Any CPU.ActiveCfg = Release|Any CPU
		{91690DB7-6C56-4661-9F60-C232451D4018}.Release|Any CPU.Build.0 = Release|Any CPU
	EndGlobalSection
	GlobalSection(SolutionProperties) = preSolution
		HideSolutionNode = FALSE
	EndGlobalSection
	GlobalSection(ExtensibilityGlobals) = postSolution
		SolutionGuid = {7EC53F41-4270-474E-828A-345E87017036}
	EndGlobalSection
EndGlobal
